
Microsoft Visual Studio Solution File, Format Version 12.00
# Visual Studio 14
VisualStudioVersion = 14.0.25123.0
MinimumVisualStudioVersion = 10.0.40219.1
Project("{FAE04EC0-301F-11D3-BF4B-00C04F79EFBC}") = "CSharpIntermediate", "CSharpIntermediate\CSharpIntermediate.csproj", "{D3B97CD5-048E-4C07-B7EF-7EBCB8273FD1}"
EndProject
Project("{FAE04EC0-301F-11D3-BF4B-00C04F79EFBC}") = "AccessModifiers", "AccessModifiers\AccessModifiers.csproj", "{D8D16ABB-1AC3-4295-8C3F-6583C3386639}"
EndProject
Project("{FAE04EC0-301F-11D3-BF4B-00C04F79EFBC}") = "Amazon", "Amazon\Amazon.csproj", "{5ABA98DB-077E-457D-8D2E-09E75DBA82DD}"
EndProject
Project("{FAE04EC0-301F-11D3-BF4B-00C04F79EFBC}") = "Constructors", "Constructors\Constructors.csproj", "{81EFF2DE-DD81-488E-84A4-22A2FB3E282B}"
EndProject
Project("{FAE04EC0-301F-11D3-BF4B-00C04F79EFBC}") = "Casting", "Casting\Casting.csproj", "{FC5B3EBD-6EE5-4660-AC86-BB26B53A8FD9}"
EndProject
Project("{FAE04EC0-301F-11D3-BF4B-00C04F79EFBC}") = "WpfUpcasting", "WpfUpcasting\WpfUpcasting.csproj", "{52A54879-D9F7-44E1-8D6B-60C0B40B55D9}"
EndProject
Project("{FAE04EC0-301F-11D3-BF4B-00C04F79EFBC}") = "Boxing", "Boxing\Boxing.csproj", "{C1097836-8109-41E3-9D29-54A8276BECA0}"
EndProject
Project("{FAE04EC0-301F-11D3-BF4B-00C04F79EFBC}") = "MethodOverriding", "MethodOverriding\MethodOverriding.csproj", "{D4629EA2-1299-4CFB-8B6F-E71071A3478E}"
EndProject
Project("{FAE04EC0-301F-11D3-BF4B-00C04F79EFBC}") = "AbstractClasses", "AbstractClasses\AbstractClasses.csproj", "{C5FCA326-0925-4901-96AF-37F24589E3E3}"
EndProject
Global
	GlobalSection(SolutionConfigurationPlatforms) = preSolution
		Debug|Any CPU = Debug|Any CPU
		Release|Any CPU = Release|Any CPU
	EndGlobalSection
	GlobalSection(ProjectConfigurationPlatforms) = postSolution
		{D3B97CD5-048E-4C07-B7EF-7EBCB8273FD1}.Debug|Any CPU.ActiveCfg = Debug|Any CPU
		{D3B97CD5-048E-4C07-B7EF-7EBCB8273FD1}.Debug|Any CPU.Build.0 = Debug|Any CPU
		{D3B97CD5-048E-4C07-B7EF-7EBCB8273FD1}.Release|Any CPU.ActiveCfg = Release|Any CPU
		{D3B97CD5-048E-4C07-B7EF-7EBCB8273FD1}.Release|Any CPU.Build.0 = Release|Any CPU
		{D8D16ABB-1AC3-4295-8C3F-6583C3386639}.Debug|Any CPU.ActiveCfg = Debug|Any CPU
		{D8D16ABB-1AC3-4295-8C3F-6583C3386639}.Debug|Any CPU.Build.0 = Debug|Any CPU
		{D8D16ABB-1AC3-4295-8C3F-6583C3386639}.Release|Any CPU.ActiveCfg = Release|Any CPU
		{D8D16ABB-1AC3-4295-8C3F-6583C3386639}.Release|Any CPU.Build.0 = Release|Any CPU
		{5ABA98DB-077E-457D-8D2E-09E75DBA82DD}.Debug|Any CPU.ActiveCfg = Debug|Any CPU
		{5ABA98DB-077E-457D-8D2E-09E75DBA82DD}.Debug|Any CPU.Build.0 = Debug|Any CPU
		{5ABA98DB-077E-457D-8D2E-09E75DBA82DD}.Release|Any CPU.ActiveCfg = Release|Any CPU
		{5ABA98DB-077E-457D-8D2E-09E75DBA82DD}.Release|Any CPU.Build.0 = Release|Any CPU
		{81EFF2DE-DD81-488E-84A4-22A2FB3E282B}.Debug|Any CPU.ActiveCfg = Debug|Any CPU
		{81EFF2DE-DD81-488E-84A4-22A2FB3E282B}.Debug|Any CPU.Build.0 = Debug|Any CPU
		{81EFF2DE-DD81-488E-84A4-22A2FB3E282B}.Release|Any CPU.ActiveCfg = Release|Any CPU
		{81EFF2DE-DD81-488E-84A4-22A2FB3E282B}.Release|Any CPU.Build.0 = Release|Any CPU
		{FC5B3EBD-6EE5-4660-AC86-BB26B53A8FD9}.Debug|Any CPU.ActiveCfg = Debug|Any CPU
		{FC5B3EBD-6EE5-4660-AC86-BB26B53A8FD9}.Debug|Any CPU.Build.0 = Debug|Any CPU
		{FC5B3EBD-6EE5-4660-AC86-BB26B53A8FD9}.Release|Any CPU.ActiveCfg = Release|Any CPU
		{FC5B3EBD-6EE5-4660-AC86-BB26B53A8FD9}.Release|Any CPU.Build.0 = Release|Any CPU
		{52A54879-D9F7-44E1-8D6B-60C0B40B55D9}.Debug|Any CPU.ActiveCfg = Debug|Any CPU
		{52A54879-D9F7-44E1-8D6B-60C0B40B55D9}.Debug|Any CPU.Build.0 = Debug|Any CPU
		{52A54879-D9F7-44E1-8D6B-60C0B40B55D9}.Release|Any CPU.ActiveCfg = Release|Any CPU
		{52A54879-D9F7-44E1-8D6B-60C0B40B55D9}.Release|Any CPU.Build.0 = Release|Any CPU
		{C1097836-8109-41E3-9D29-54A8276BECA0}.Debug|Any CPU.ActiveCfg = Debug|Any CPU
		{C1097836-8109-41E3-9D29-54A8276BECA0}.Debug|Any CPU.Build.0 = Debug|Any CPU
		{C1097836-8109-41E3-9D29-54A8276BECA0}.Release|Any CPU.ActiveCfg = Release|Any CPU
		{C1097836-8109-41E3-9D29-54A8276BECA0}.Release|Any CPU.Build.0 = Release|Any CPU
		{D4629EA2-1299-4CFB-8B6F-E71071A3478E}.Debug|Any CPU.ActiveCfg = Debug|Any CPU
		{D4629EA2-1299-4CFB-8B6F-E71071A3478E}.Debug|Any CPU.Build.0 = Debug|Any CPU
		{D4629EA2-1299-4CFB-8B6F-E71071A3478E}.Release|Any CPU.ActiveCfg = Release|Any CPU
		{D4629EA2-1299-4CFB-8B6F-E71071A3478E}.Release|Any CPU.Build.0 = Release|Any CPU
		{C5FCA326-0925-4901-96AF-37F24589E3E3}.Debug|Any CPU.ActiveCfg = Debug|Any CPU
		{C5FCA326-0925-4901-96AF-37F24589E3E3}.Debug|Any CPU.Build.0 = Debug|Any CPU
		{C5FCA326-0925-4901-96AF-37F24589E3E3}.Release|Any CPU.ActiveCfg = Release|Any CPU
		{C5FCA326-0925-4901-96AF-37F24589E3E3}.Release|Any CPU.Build.0 = Release|Any CPU
	EndGlobalSection
	GlobalSection(SolutionProperties) = preSolution
		HideSolutionNode = FALSE
	EndGlobalSection
EndGlobal
